{
  "version": 1,
  "dependencies": {
    "net10.0-windows7.0": {
      "DalamudPackager": {
        "type": "Direct",
        "requested": "[14.0.1, )",
        "resolved": "14.0.1",
        "contentHash": "y0WWyUE6dhpGdolK3iKgwys05/nZaVf4ZPtIjpLhJBZvHxkkiE23zYRo7K7uqAgoK/QvK5cqF6l3VG5AbgC6KA=="
      },
      "DotNet.ReproducibleBuilds": {
        "type": "Direct",
        "requested": "[1.2.39, )",
        "resolved": "1.2.39",
        "contentHash": "fcFN01tDTIQqDuTwr1jUQK/geofiwjG5DycJQOnC72i1SsLAk1ELe+apBOuZ11UMQG8YKFZG1FgvjZPbqHyatg=="
      },
      "ECommons": {
        "type": "Direct",
        "requested": "[3.1.0.2, )",
        "resolved": "3.1.0.2",
        "contentHash": "NFVf3G23lRGnZ7xEIFWzXc61LHfLfkyw2NwYc/sYoldehzurPc49Kg4DbVksqSyhEknsTTD0LkpcxPNV16ziUw=="
      },
      "Microsoft.Extensions.DependencyInjection": {
        "type": "Direct",
        "requested": "[9.0.9, )",
        "resolved": "9.0.9",
        "contentHash": "zQV2WOSP+3z1EuK91ULxfGgo2Y75bTRnmJHp08+w/YXAyekZutX/qCd88/HOMNh35MDW9mJJJxPpMPS+1Rww8A==",
        "dependencies": {
          "Microsoft.Extensions.DependencyInjection.Abstractions": "9.0.9"
        }
      },
      "Pictomancy": {
        "type": "Direct",
        "requested": "[0.0.1, )",
        "resolved": "0.0.1",
        "contentHash": "o40yKEYUsUmHLGEyfi2dzrPJBaiYGAL6Jwc32NOZUx9znXvwL0RS2A3AOGzi4wHhTEfTesLuU5yNIs60hT4ayg==",
        "dependencies": {
          "SharpDX.D3DCompiler": "4.2.0",
          "SharpDX.Direct2D1": "4.2.0",
          "SharpDX.Direct3D11": "4.2.0",
          "SharpDX.Mathematics": "4.2.0"
        }
      },
      "Roslynator.Analyzers": {
        "type": "Direct",
        "requested": "[4.14.0, )",
        "resolved": "4.14.0",
        "contentHash": "AEWQMrb1rcmjv9FGzrwYSBb4INhDhsauS+wwTumG0wq8N1Il+CIQHqUZJ7bt0zYJEA1qXSqgpg8Fgwc88WrR/Q=="
      },
      "System.IO.Abstractions": {
        "type": "Direct",
        "requested": "[22.0.16, )",
        "resolved": "22.0.16",
        "contentHash": "qDB595QEPyyguFNzKDIiy8MqMBuag4GeU/nJOiRDopwUtc40lLA8acW+/pxNny7s9kEQ3YSKbAOR8xJcjujHFg==",
        "dependencies": {
          "TestableIO.System.IO.Abstractions": "22.0.16",
          "TestableIO.System.IO.Abstractions.Wrappers": "22.0.16"
        }
      },
      "System.IO.Abstractions.TestingHelpers": {
        "type": "Direct",
        "requested": "[22.0.16, )",
        "resolved": "22.0.16",
        "contentHash": "0iowUSeukbt98ZDpTXdjYwssgLDmqMfCP8BHoEvV9G0mkAxNFhMwtnvLcARWFFLNN0zHVghD5ByQN16DMXxxpQ==",
        "dependencies": {
          "TestableIO.System.IO.Abstractions.TestingHelpers": "22.0.16"
        }
      },
      "Microsoft.Extensions.DependencyInjection.Abstractions": {
        "type": "Transitive",
        "resolved": "9.0.9",
        "contentHash": "/hymojfWbE9AlDOa0mczR44m00Jj+T3+HZO0ZnVTI032fVycI0ZbNOVFP6kqZMcXiLSYXzR2ilcwaRi6dzeGyA=="
      },
      "Microsoft.NETCore.Platforms": {
        "type": "Transitive",
        "resolved": "1.1.0",
        "contentHash": "kz0PEW2lhqygehI/d6XsPCQzD7ff7gUJaVGPVETX611eadGsA3A877GdSlU0LRVMCTH/+P3o2iDTak+S08V2+A=="
      },
      "NETStandard.Library": {
        "type": "Transitive",
        "resolved": "1.6.1",
        "contentHash": "WcSp3+vP+yHNgS8EV5J7pZ9IRpeDuARBPN28by8zqff1wJQXm26PVU8L3/fYLBJVU7BtDyqNVWq2KlCVvSSR4A==",
        "dependencies": {
          "Microsoft.NETCore.Platforms": "1.1.0"
        }
      },
      "SharpDX": {
        "type": "Transitive",
        "resolved": "4.2.0",
        "contentHash": "3pv0LFMvfK/dv1qISJnn8xBeeT6R/FRvr0EV4KI2DGsL84Qlv6P7isWqxGyU0LCwlSVCJN3jgHJ4Bl0KI2PJww==",
        "dependencies": {
          "NETStandard.Library": "1.6.1"
        }
      },
      "SharpDX.D3DCompiler": {
        "type": "Transitive",
        "resolved": "4.2.0",
        "contentHash": "Rnsd6Ilp127xbXqhTit8WKFQUrXwWxqVGpglyWDNkIBCk0tWXNQEjrJpsl0KAObzyZaa33+EXAikLVt5fnd3GA==",
        "dependencies": {
          "NETStandard.Library": "1.6.1",
          "SharpDX": "4.2.0"
        }
      },
      "SharpDX.Direct2D1": {
        "type": "Transitive",
        "resolved": "4.2.0",
        "contentHash": "Qs8LzDMaQf1u3KB8ArHu9pDv6itZ++QXs99a/bVAG+nKr0Hx5NG4mcN5vsfE0mVR2TkeHfeUm4PksRah6VUPtA==",
        "dependencies": {
          "NETStandard.Library": "1.6.1",
          "SharpDX": "4.2.0",
          "SharpDX.DXGI": "4.2.0"
        }
      },
      "SharpDX.Direct3D11": {
        "type": "Transitive",
        "resolved": "4.2.0",
        "contentHash": "oTm/iT5X/IIuJ8kNYP+DTC/MhBhqtRF5dbgPPFgLBdQv0BKzNTzXQQXd7SveBFjQg6hXEAJ2jGCAzNYvGFc9LA==",
        "dependencies": {
          "NETStandard.Library": "1.6.1",
          "SharpDX": "4.2.0",
          "SharpDX.DXGI": "4.2.0"
        }
      },
      "SharpDX.DXGI": {
        "type": "Transitive",
        "resolved": "4.2.0",
        "contentHash": "UjKqkgWc8U+SP+j3LBzFP6OB6Ntapjih7Xo+g1rLcsGbIb5KwewBrBChaUu7sil8rWoeVU/k0EJd3SMN4VqNZw==",
        "dependencies": {
          "NETStandard.Library": "1.6.1",
          "SharpDX": "4.2.0"
        }
      },
      "SharpDX.Mathematics": {
        "type": "Transitive",
        "resolved": "4.2.0",
        "contentHash": "R2pcKLgdsP9p5WyTjHmGOZ0ka0zASAZYc6P4L6rSvjYhf6klGYbent7MiVwbkwkt9dD44p5brjy5IwAnVONWGw==",
        "dependencies": {
          "NETStandard.Library": "1.6.1",
          "SharpDX": "4.2.0"
        }
      },
      "TestableIO.System.IO.Abstractions": {
        "type": "Transitive",
        "resolved": "22.0.16",
        "contentHash": "ZYDFchhWab1FELpnJUJI3gHX/jAEKLiENnnKmUWyGjR6BklGhItxU2rCmwzwMXsd6C2CUpMU+YSXlKdpxNPkBQ==",
        "dependencies": {
          "Testably.Abstractions.FileSystem.Interface": "9.0.0"
        }
      },
      "TestableIO.System.IO.Abstractions.TestingHelpers": {
        "type": "Transitive",
        "resolved": "22.0.16",
        "contentHash": "dIZ2qtrvWbilx2HGkBIp5LNZmEZT2rve2M/NEg3RAzR4WbTa/Gis1x/qRggnoqfDrZ0VnPaybJJKh6r9POQ1EQ==",
        "dependencies": {
          "TestableIO.System.IO.Abstractions.Wrappers": "22.0.16",
          "Testably.Abstractions.FileSystem.Interface": "9.0.0"
        }
      },
      "TestableIO.System.IO.Abstractions.Wrappers": {
        "type": "Transitive",
        "resolved": "22.0.16",
        "contentHash": "QUX0TLMvnRLEgvuMRotrZKN9eCdX4yzK7HJCaPj17T4jvUf+G4XifdLpB5wmRct2zKlscYzpWMOmHjKabse3yw==",
        "dependencies": {
          "Testably.Abstractions.FileSystem.Interface": "9.0.0"
        }
      },
      "Testably.Abstractions.FileSystem.Interface": {
        "type": "Transitive",
        "resolved": "9.0.0",
        "contentHash": "uksk86YlnzAdyfVNu3wICU0X5iXVe9LF7Q3UkngNliHWEvM5gvAlOUr+jmd9JwmbJWISH5+i1vyXE02lEVz7WQ=="
      }
    }
  }
}